# This file is automatically @generated by Poetry 2.2.1 and should not be changed by hand.

[[package]]
name = "asv"
version = "0.6.4"
description = "Airspeed Velocity: A simple Python history benchmarking tool"
optional = false
python-versions = ">=3.7"
groups = ["dev"]
files = [
    {file = "asv-0.6.4-cp310-cp310-macosx_10_9_x86_64.whl", hash = "sha256:e32b4cc435bdb6f2ef83d8092e977962f6fa20471542d6341e596324d350cbea"},
    {file = "asv-0.6.4-cp310-cp310-macosx_11_0_arm64.whl", hash = "sha256:fdfb9090623fc45cbeb77ab40b394779794083c155128e3d320fa06af2e0fdf5"},
    {file = "asv-0.6.4-cp310-cp310-manylinux_2_17_x86_64.manylinux2014_x86_64.whl", hash = "sha256:5dfee8a415f4b5da0be4bedf4c9cb3b041c2148d28d2327cf3b54f9cb565cefd"},
    {file = "asv-0.6.4-cp310-cp310-manylinux_2_5_i686.manylinux1_i686.manylinux_2_17_i686.manylinux2014_i686.whl", hash = "sha256:abc13331bb8bb1880dbc33e75175ae90bca439038a1f7e246528481ecebd15dd"},
    {file = "asv-0.6.4-cp310-cp310-musllinux_1_1_i686.whl", hash = "sha256:b67eec004f8218bba25dcdbdda2e6676dd6c4ac3e97a80b691b27dcfbfbda38d"},
    {file = "asv-0.6.4-cp310-cp310-musllinux_1_1_x86_64.whl", hash = "sha256:aef14496a34552308d054db71181bfb1ca45d7ef29028747d388be9f00a5b45c"},
    {file = "asv-0.6.4-cp310-cp310-win_amd64.whl", hash = "sha256:0c8931e7a8aeda75f90b3ac422cbb7c46a5ce50d8c0a8e821cdf3e4d0705dd76"},
    {file = "asv-0.6.4-cp311-cp311-macosx_10_9_x86_64.whl", hash = "sha256:74666c5896b4aec92b4a12cf9aa7494dec3398bb9ea602a9f8dc1656b53e8e10"},
    {file = "asv-0.6.4-cp311-cp311-macosx_11_0_arm64.whl", hash = "sha256:26166a7bd7fe05b5a8507247d1a7ab1dfc4256414b0505d124a7b9d46a618a1c"},
    {file = "asv-0.6.4-cp311-cp311-manylinux_2_17_x86_64.manylinux2014_x86_64.whl", hash = "sha256:fe6161c5616f5aed936947866b6376e09c937d628aa81115b3c72e90a151c1f9"},
    {file = "asv-0.6.4-cp311-cp311-manylinux_2_5_i686.manylinux1_i686.manylinux_2_17_i686.manylinux2014_i686.whl", hash = "sha256:4d6122b5e86bf9071b9ff7136672d50da0d460dfc958f43429843f7a3cd3e86a"},
    {file = "asv-0.6.4-cp311-cp311-musllinux_1_1_i686.whl", hash = "sha256:79554f125033ecbcb599cd704b4b5b525d254e5e05b1dd24bab3bbd83ae5502e"},
    {file = "asv-0.6.4-cp311-cp311-musllinux_1_1_x86_64.whl", hash = "sha256:2e80f39501628fd4cac972f08fa4c9b8e211a86fc43dd6e58c95d106cbaf54e7"},
    {file = "asv-0.6.4-cp311-cp311-win_amd64.whl", hash = "sha256:363dfdee98cc072e6a1468137eed640985e48ccbb11c175d04ee420f05459872"},
    {file = "asv-0.6.4-cp312-cp312-macosx_10_9_x86_64.whl", hash = "sha256:244b71778f91aa6672e1f16feb9eecac78ef7cee95228ef8f0315a2e2deecfed"},
    {file = "asv-0.6.4-cp312-cp312-macosx_11_0_arm64.whl", hash = "sha256:3e798b275de2889748d43d42305bfce68c015a3e38ae935d231835cb836fef73"},
    {file = "asv-0.6.4-cp312-cp312-manylinux_2_17_x86_64.manylinux2014_x86_64.whl", hash = "sha256:d064c5ac1ab18efc62467f65ed4989a2e2ac1a4d21886119fa0ef0f91d548438"},
    {file = "asv-0.6.4-cp312-cp312-manylinux_2_5_i686.manylinux1_i686.manylinux_2_17_i686.manylinux2014_i686.whl", hash = "sha256:c51e5862bdac0f1fe11886bdd40b30a9691a65cb7feac40f0676fe9206d5bb43"},
    {file = "asv-0.6.4-cp312-cp312-musllinux_1_1_i686.whl", hash = "sha256:46a7ca838e8c49109c43b1cda0eb64abc5e0a045538da718abe981d115ed47aa"},
    {file = "asv-0.6.4-cp312-cp312-musllinux_1_1_x86_64.whl", hash = "sha256:f5f722178c7e36b797f764c837fc03c462f68c8f2cba5145b2e64119e46231ff"},
    {file = "asv-0.6.4-cp312-cp312-win_amd64.whl", hash = "sha256:f972ca71316d46a0242eb69e53dadfeab1e4d0546773b0f722462f97b3e5fbd9"},
    {file = "asv-0.6.4-cp37-cp37m-macosx_10_9_x86_64.whl", hash = "sha256:e8c728707d417268560d1e1a5cb0b638c10b346648b3338ca4dce373c0a0608b"},
    {file = "asv-0.6.4-cp37-cp37m-manylinux_2_17_x86_64.manylinux2014_x86_64.whl", hash = "sha256:5cfe2796c87960c90809a891e0805df7017fea58b86a739fbc901de9703f7685"},
    {file = "asv-0.6.4-cp37-cp37m-manylinux_2_5_i686.manylinux1_i686.manylinux_2_17_i686.manylinux2014_i686.whl", hash = "sha256:eb74b1726280422c22e69010ede8bbd13309408b046d93af2ef199728d5f341a"},
    {file = "asv-0.6.4-cp37-cp37m-musllinux_1_1_i686.whl", hash = "sha256:2223db773e31ffb4583f44ab8adbe3676e41db8d08e9ca59a9b95c7c26954133"},
    {file = "asv-0.6.4-cp37-cp37m-musllinux_1_1_x86_64.whl", hash = "sha256:d7426c1d7c18c7f19689b0f060e77d7dce8ff32697e194aca236a8c100bf8b78"},
    {file = "asv-0.6.4-cp37-cp37m-win_amd64.whl", hash = "sha256:7d792a650e2f6bcab7c0f4278b305ee8cc9a16479dc7297bafbd5197a553d812"},
    {file = "asv-0.6.4-cp38-cp38-macosx_10_9_x86_64.whl", hash = "sha256:7e396f602966c92e21e34c2a46f2be5161b0c4c1e3e87397e04a848e62a3c90b"},
    {file = "asv-0.6.4-cp38-cp38-macosx_11_0_arm64.whl", hash = "sha256:14788182ab143e7c7af755b83c34887873a0bde6faa3b263a9f732247a4ae84f"},
    {file = "asv-0.6.4-cp38-cp38-manylinux_2_17_x86_64.manylinux2014_x86_64.whl", hash = "sha256:59ff949fae7c4b006aa94f46c9a9c02d9b79b1b836a6e3fcc5da633a2ab60aa2"},
    {file = "asv-0.6.4-cp38-cp38-manylinux_2_5_i686.manylinux1_i686.manylinux_2_17_i686.manylinux2014_i686.whl", hash = "sha256:27fcce30845de881a58ee98eb9b51e3deb520356ee8423bf471585e62c7c2a60"},
    {file = "asv-0.6.4-cp38-cp38-musllinux_1_1_i686.whl", hash = "sha256:ea066af743856d983fbd1973788032ef98cc28dc8e821ee065d25a3af4b791a0"},
    {file = "asv-0.6.4-cp38-cp38-musllinux_1_1_x86_64.whl", hash = "sha256:aa248b4ad640310fd6d1a8265ee2672d6dbf019b32569a37a01aece49fe72d1b"},
    {file = "asv-0.6.4-cp38-cp38-win_amd64.whl", hash = "sha256:9419c426b441df380ff35f08a5323b73def19e17a13bee7a12ef0cbabbe8640b"},
    {file = "asv-0.6.4-cp39-cp39-macosx_10_9_x86_64.whl", hash = "sha256:755f2ec48b8277f68be6ba6325c16d76665a9807245ac4f40bb223cf266701bf"},
    {file = "asv-0.6.4-cp39-cp39-macosx_11_0_arm64.whl", hash = "sha256:8091787fd5219dc63e1c8dc2786da5f9ad5302b15b22c70cf14ee76bc20b3443"},
    {file = "asv-0.6.4-cp39-cp39-manylinux_2_17_x86_64.manylinux2014_x86_64.whl", hash = "sha256:cff89881dc7036f3fb4e50fb23dfef6768ae9651daf2efff18bd487339ab1f14"},
    {file = "asv-0.6.4-cp39-cp39-manylinux_2_5_i686.manylinux1_i686.manylinux_2_17_i686.manylinux2014_i686.whl", hash = "sha256:b22bbe5a8bcea54b9d71bd02e78a814b1bfe7edeec171b1ecdeea839b78735a2"},
    {file = "asv-0.6.4-cp39-cp39-musllinux_1_1_i686.whl", hash = "sha256:76b7ee6d6c63825065b5b250271d0576d39cc610674a128f5a39cc040b6a7d86"},
    {file = "asv-0.6.4-cp39-cp39-musllinux_1_1_x86_64.whl", hash = "sha256:758d9982f6be463711dca19dda59bc51a2fee27ab2494132f453d92f3c121d43"},
    {file = "asv-0.6.4-cp39-cp39-win_amd64.whl", hash = "sha256:9a16c3b8d533cc6a05a9a217a03c631b738047fca711c95aa3f07e4a83723198"},
    {file = "asv-0.6.4-pp310-pypy310_pp73-macosx_10_9_x86_64.whl", hash = "sha256:0305e9eee21f71c3d3f8b046beb35e571f6dd7ed2fcd0e8405f8a208bcd3228a"},
    {file = "asv-0.6.4-pp310-pypy310_pp73-manylinux_2_17_x86_64.manylinux2014_x86_64.whl", hash = "sha256:e6cd23fa20edf8cb30354fda3388a8835a15158e21559c86f0d997e5d30dbf91"},
    {file = "asv-0.6.4-pp310-pypy310_pp73-manylinux_2_5_i686.manylinux1_i686.manylinux_2_17_i686.manylinux2014_i686.whl", hash = "sha256:b7424d2dbfcb98aa3c099311100ceb9aabfd83fed0b41420f70f142852ed392a"},
    {file = "asv-0.6.4-pp310-pypy310_pp73-win_amd64.whl", hash = "sha256:e7f4b95583cf379015d35b747a1bb4df99c05dd4107d6081b2cf4a577f4caeca"},
    {file = "asv-0.6.4-pp37-pypy37_pp73-macosx_10_9_x86_64.whl", hash = "sha256:e54b3e7c6a22af2ac779bf2767dcb6ee09760d9c4272b73e4d63a5ed938145d8"},
    {file = "asv-0.6.4-pp37-pypy37_pp73-manylinux_2_17_x86_64.manylinux2014_x86_64.whl", hash = "sha256:f34b1568d353d6cddcfa074eba0aaaa82b29540df10614cf66f43930ba7827c1"},
    {file = "asv-0.6.4-pp37-pypy37_pp73-manylinux_2_5_i686.manylinux1_i686.manylinux_2_17_i686.manylinux2014_i686.whl", hash = "sha256:8ccfbbc4f12e145ffb7a653275d75d54f72768f1ff1fdb300e0603dbf33deaf6"},
    {file = "asv-0.6.4-pp37-pypy37_pp73-win_amd64.whl", hash = "sha256:64637299bcbd7743da0140d8a19a732c33d9e41d28aa4db0bf1e58e12eb8b4e4"},
    {file = "asv-0.6.4-pp38-pypy38_pp73-macosx_10_9_x86_64.whl", hash = "sha256:bad0f37940c5ad7c39d81eecfc3c515f55c51bbca094e0efda4d70c74363532b"},
    {file = "asv-0.6.4-pp38-pypy38_pp73-manylinux_2_17_x86_64.manylinux2014_x86_64.whl", hash = "sha256:dfc9f90a7dd45f042f947f4c3a3d98ee591f5ac7d1751b541632e5f14fc35c54"},
    {file = "asv-0.6.4-pp38-pypy38_pp73-manylinux_2_5_i686.manylinux1_i686.manylinux_2_17_i686.manylinux2014_i686.whl", hash = "sha256:356fbc8abf3f4c2b13bc37af78f08c008f1ef4320549e44c02a5a3f6a783f892"},
    {file = "asv-0.6.4-pp38-pypy38_pp73-win_amd64.whl", hash = "sha256:647a6ba8f6e9a23455aabc7a6365aa1feeeb82a6bf99696e0bc964aebe337730"},
    {file = "asv-0.6.4-pp39-pypy39_pp73-macosx_10_9_x86_64.whl", hash = "sha256:80c791206e7c01b5883e8facd7ef27432a01fd1cbc4977d38f7bfe08ee98150a"},
    {file = "asv-0.6.4-pp39-pypy39_pp73-manylinux_2_17_x86_64.manylinux2014_x86_64.whl", hash = "sha256:6bc49bb48295a4b1d902590b87e7920ee51e95d72bcf1c44d83303dfbecc68e2"},
    {file = "asv-0.6.4-pp39-pypy39_pp73-manylinux_2_5_i686.manylinux1_i686.manylinux_2_17_i686.manylinux2014_i686.whl", hash = "sha256:022723563d770b43c50615e4b18d1ad861c00fcd91343bfbd51d21bfff708d4c"},
    {file = "asv-0.6.4-pp39-pypy39_pp73-win_amd64.whl", hash = "sha256:71d2ba7b16c462b92cd36c2a4d07753bb6c995149a830ce1d4246f6061bf3f1d"},
    {file = "asv-0.6.4.tar.gz", hash = "sha256:1d124184171cfe106e3e57ac04e3221b8d4571c9bd6ca2c6498a8c7407339df1"},
]

[package.dependencies]
asv-runner = ">=v0.2.1"
build = "*"
colorama = {version = "*", markers = "platform_system == \"Windows\""}
json5 = "*"
pympler = {version = "*", markers = "platform_python_implementation != \"PyPy\""}
pyyaml = {version = "*", markers = "platform_python_implementation != \"PyPy\""}
tabulate = "*"
tomli = {version = "*", markers = "python_version < \"3.11\""}
virtualenv = "*"

[package.extras]
dev = ["isort (>=5.11.5)", "ruff"]
doc = ["sphinx", "sphinx-bootstrap-theme"]
hg = ["python-hglib"]
plugs = ["asv-bench-memray"]
test = ["feedparser", "filelock", "flaky", "numpy", "pytest", "pytest-rerunfailures", "pytest-rerunfailures (>=10.0)", "pytest-timeout", "pytest-xdist", "python-hglib ; platform_system != \"Windows\"", "rpy2 ; platform_system != \"Windows\" and platform_python_implementation != \"PyPy\"", "scipy ; platform_python_implementation != \"PyPy\"", "selenium", "virtualenv"]
virtualenv = ["packaging", "virtualenv"]

[[package]]
name = "asv-runner"
version = "0.2.1"
description = "Core Python benchmark code for ASV"
optional = false
python-versions = ">=3.7"
groups = ["dev"]
files = [
    {file = "asv_runner-0.2.1-py3-none-any.whl", hash = "sha256:655d466208ce311768071f5003a61611481b24b3ad5ac41fb8a6374197e647e9"},
    {file = "asv_runner-0.2.1.tar.gz", hash = "sha256:945dd301a06fa9102f221b1e9ddd048f5ecd863796d4c8cd487f5577fe0db66d"},
]

[package.dependencies]
importlib-metadata = "*"

[package.extras]
docs = ["furo", "myst-parser (>=2)", "sphinx", "sphinx-autobuild", "sphinx-autodoc2 (>=0.4.2)", "sphinx-contributors", "sphinx-copybutton", "sphinx-design", "sphinxcontrib-spelling"]

[[package]]
name = "build"
version = "1.2.2.post1"
description = "A simple, correct Python build frontend"
optional = false
python-versions = ">=3.8"
groups = ["dev"]
files = [
    {file = "build-1.2.2.post1-py3-none-any.whl", hash = "sha256:1d61c0887fa860c01971625baae8bdd338e517b836a2f70dd1f7aa3a6b2fc5b5"},
    {file = "build-1.2.2.post1.tar.gz", hash = "sha256:b36993e92ca9375a219c99e606a122ff365a760a2d4bba0caa09bd5278b608b7"},
]

[package.dependencies]
colorama = {version = "*", markers = "os_name == \"nt\""}
importlib-metadata = {version = ">=4.6", markers = "python_full_version < \"3.10.2\""}
packaging = ">=19.1"
pyproject_hooks = "*"
tomli = {version = ">=1.1.0", markers = "python_version < \"3.11\""}

[package.extras]
docs = ["furo (>=2023.08.17)", "sphinx (>=7.0,<8.0)", "sphinx-argparse-cli (>=1.5)", "sphinx-autodoc-typehints (>=1.10)", "sphinx-issues (>=3.0.0)"]
test = ["build[uv,virtualenv]", "filelock (>=3)", "pytest (>=6.2.4)", "pytest-cov (>=2.12)", "pytest-mock (>=2)", "pytest-rerunfailures (>=9.1)", "pytest-xdist (>=1.34)", "setuptools (>=42.0.0) ; python_version < \"3.10\"", "setuptools (>=56.0.0) ; python_version == \"3.10\"", "setuptools (>=56.0.0) ; python_version == \"3.11\"", "setuptools (>=67.8.0) ; python_version >= \"3.12\"", "wheel (>=0.36.0)"]
typing = ["build[uv]", "importlib-metadata (>=5.1)", "mypy (>=1.9.0,<1.10.0)", "tomli", "typing-extensions (>=3.7.4.3)"]
uv = ["uv (>=0.1.18)"]
virtualenv = ["virtualenv (>=20.0.35)"]

[[package]]
name = "colorama"
version = "0.4.6"
description = "Cross-platform colored terminal text."
optional = false
python-versions = "!=3.0.*,!=3.1.*,!=3.2.*,!=3.3.*,!=3.4.*,!=3.5.*,!=3.6.*,>=2.7"
groups = ["dev"]
markers = "platform_system == \"Windows\" or os_name == \"nt\""
files = [
    {file = "colorama-0.4.6-py2.py3-none-any.whl", hash = "sha256:4f1d9991f5acc0ca119f9d443620b77f9d6b33703e51011c16baf57afb285fc6"},
    {file = "colorama-0.4.6.tar.gz", hash = "sha256:08695f5cb7ed6e0531a20572697297273c47b8cae5a63ffc6d6ed5c201be6e44"},
]

[[package]]
name = "distlib"
version = "0.3.9"
description = "Distribution utilities"
optional = false
python-versions = "*"
groups = ["dev"]
files = [
    {file = "distlib-0.3.9-py2.py3-none-any.whl", hash = "sha256:47f8c22fd27c27e25a65601af709b38e4f0a45ea4fc2e710f65755fa8caaaf87"},
    {file = "distlib-0.3.9.tar.gz", hash = "sha256:a60f20dea646b8a33f3e7772f74dc0b2d0772d2837ee1342a00645c81edf9403"},
]

[[package]]
name = "filelock"
version = "3.18.0"
description = "A platform independent file lock."
optional = false
python-versions = ">=3.9"
groups = ["dev"]
files = [
    {file = "filelock-3.18.0-py3-none-any.whl", hash = "sha256:c401f4f8377c4464e6db25fff06205fd89bdd83b65eb0488ed1b160f780e21de"},
    {file = "filelock-3.18.0.tar.gz", hash = "sha256:adbc88eabb99d2fec8c9c1b229b171f18afa655400173ddc653d5d01501fb9f2"},
]

[package.extras]
docs = ["furo (>=2024.8.6)", "sphinx (>=8.1.3)", "sphinx-autodoc-typehints (>=3)"]
testing = ["covdefaults (>=2.3)", "coverage (>=7.6.10)", "diff-cover (>=9.2.1)", "pytest (>=8.3.4)", "pytest-asyncio (>=0.25.2)", "pytest-cov (>=6)", "pytest-mock (>=3.14)", "pytest-timeout (>=2.3.1)", "virtualenv (>=20.28.1)"]
typing = ["typing-extensions (>=4.12.2) ; python_version < \"3.11\""]

[[package]]
name = "importlib-metadata"
version = "8.7.0"
description = "Read metadata from Python packages"
optional = false
python-versions = ">=3.9"
groups = ["dev"]
files = [
    {file = "importlib_metadata-8.7.0-py3-none-any.whl", hash = "sha256:e5dd1551894c77868a30651cef00984d50e1002d06942a7101d34870c5f02afd"},
    {file = "importlib_metadata-8.7.0.tar.gz", hash = "sha256:d13b81ad223b890aa16c5471f2ac3056cf76c5f10f82d6f9292f0b415f389000"},
]

[package.dependencies]
zipp = ">=3.20"

[package.extras]
check = ["pytest-checkdocs (>=2.4)", "pytest-ruff (>=0.2.1) ; sys_platform != \"cygwin\""]
cover = ["pytest-cov"]
doc = ["furo", "jaraco.packaging (>=9.3)", "jaraco.tidelift (>=1.4)", "rst.linker (>=1.9)", "sphinx (>=3.5)", "sphinx-lint"]
enabler = ["pytest-enabler (>=2.2)"]
perf = ["ipython"]
test = ["flufl.flake8", "importlib_resources (>=1.3) ; python_version < \"3.9\"", "jaraco.test (>=5.4)", "packaging", "pyfakefs", "pytest (>=6,!=8.1.*)", "pytest-perf (>=0.9.2)"]
type = ["pytest-mypy"]

[[package]]
name = "json5"
version = "0.12.0"
description = "A Python implementation of the JSON5 data format."
optional = false
python-versions = ">=3.8.0"
groups = ["dev"]
files = [
    {file = "json5-0.12.0-py3-none-any.whl", hash = "sha256:6d37aa6c08b0609f16e1ec5ff94697e2cbbfbad5ac112afa05794da9ab7810db"},
    {file = "json5-0.12.0.tar.gz", hash = "sha256:0b4b6ff56801a1c7dc817b0241bca4ce474a0e6a163bfef3fc594d3fd263ff3a"},
]

[package.extras]
dev = ["build (==1.2.2.post1)", "coverage (==7.5.4) ; python_version < \"3.9\"", "coverage (==7.8.0) ; python_version >= \"3.9\"", "mypy (==1.14.1) ; python_version < \"3.9\"", "mypy (==1.15.0) ; python_version >= \"3.9\"", "pip (==25.0.1)", "pylint (==3.2.7) ; python_version < \"3.9\"", "pylint (==3.3.6) ; python_version >= \"3.9\"", "ruff (==0.11.2)", "twine (==6.1.0)", "uv (==0.6.11)"]

[[package]]
name = "numpy"
version = "2.2.6"
description = "Fundamental package for array computing in Python"
optional = false
python-versions = ">=3.10"
groups = ["dev"]
files = [
    {file = "numpy-2.2.6-cp310-cp310-macosx_10_9_x86_64.whl", hash = "sha256:b412caa66f72040e6d268491a59f2c43bf03eb6c96dd8f0307829feb7fa2b6fb"},
    {file = "numpy-2.2.6-cp310-cp310-macosx_11_0_arm64.whl", hash = "sha256:8e41fd67c52b86603a91c1a505ebaef50b3314de0213461c7a6e99c9a3beff90"},
    {file = "numpy-2.2.6-cp310-cp310-macosx_14_0_arm64.whl", hash = "sha256:37e990a01ae6ec7fe7fa1c26c55ecb672dd98b19c3d0e1d1f326fa13cb38d163"},
    {file = "numpy-2.2.6-cp310-cp310-macosx_14_0_x86_64.whl", hash = "sha256:5a6429d4be8ca66d889b7cf70f536a397dc45ba6faeb5f8c5427935d9592e9cf"},
    {file = "numpy-2.2.6-cp310-cp310-manylinux_2_17_aarch64.manylinux2014_aarch64.whl", hash = "sha256:efd28d4e9cd7d7a8d39074a4d44c63eda73401580c5c76acda2ce969e0a38e83"},
    {file = "numpy-2.2.6-cp310-cp310-manylinux_2_17_x86_64.manylinux2014_x86_64.whl", hash = "sha256:fc7b73d02efb0e18c000e9ad8b83480dfcd5dfd11065997ed4c6747470ae8915"},
    {file = "numpy-2.2.6-cp310-cp310-musllinux_1_2_aarch64.whl", hash = "sha256:74d4531beb257d2c3f4b261bfb0fc09e0f9ebb8842d82a7b4209415896adc680"},
    {file = "numpy-2.2.6-cp310-cp310-musllinux_1_2_x86_64.whl", hash = "sha256:8fc377d995680230e83241d8a96def29f204b5782f371c532579b4f20607a289"},
    {file = "numpy-2.2.6-cp310-cp310-win32.whl", hash = "sha256:b093dd74e50a8cba3e873868d9e93a85b78e0daf2e98c6797566ad8044e8363d"},
    {file = "numpy-2.2.6-cp310-cp310-win_amd64.whl", hash = "sha256:f0fd6321b839904e15c46e0d257fdd101dd7f530fe03fd6359c1ea63738703f3"},
    {file = "numpy-2.2.6-cp311-cp311-macosx_10_9_x86_64.whl", hash = "sha256:f9f1adb22318e121c5c69a09142811a201ef17ab257a1e66ca3025065b7f53ae"},
    {file = "numpy-2.2.6-cp311-cp311-macosx_11_0_arm64.whl", hash = "sha256:c820a93b0255bc360f53eca31a0e676fd1101f673dda8da93454a12e23fc5f7a"},
    {file = "numpy-2.2.6-cp311-cp311-macosx_14_0_arm64.whl", hash = "sha256:3d70692235e759f260c3d837193090014aebdf026dfd167834bcba43e30c2a42"},
    {file = "numpy-2.2.6-cp311-cp311-macosx_14_0_x86_64.whl", hash = "sha256:481b49095335f8eed42e39e8041327c05b0f6f4780488f61286ed3c01368d491"},
    {file = "numpy-2.2.6-cp311-cp311-manylinux_2_17_aarch64.manylinux2014_aarch64.whl", hash = "sha256:b64d8d4d17135e00c8e346e0a738deb17e754230d7e0810ac5012750bbd85a5a"},
    {file = "numpy-2.2.6-cp311-cp311-manylinux_2_17_x86_64.manylinux2014_x86_64.whl", hash = "sha256:ba10f8411898fc418a521833e014a77d3ca01c15b0c6cdcce6a0d2897e6dbbdf"},
    {file = "numpy-2.2.6-cp311-cp311-musllinux_1_2_aarch64.whl", hash = "sha256:bd48227a919f1bafbdda0583705e547892342c26fb127219d60a5c36882609d1"},
    {file = "numpy-2.2.6-cp311-cp311-musllinux_1_2_x86_64.whl", hash = "sha256:9551a499bf125c1d4f9e250377c1ee2eddd02e01eac6644c080162c0c51778ab"},
    {file = "numpy-2.2.6-cp311-cp311-win32.whl", hash = "sha256:0678000bb9ac1475cd454c6b8c799206af8107e310843532b04d49649c717a47"},
    {file = "numpy-2.2.6-cp311-cp311-win_amd64.whl", hash = "sha256:e8213002e427c69c45a52bbd94163084025f533a55a59d6f9c5b820774ef3303"},
    {file = "numpy-2.2.6-cp312-cp312-macosx_10_13_x86_64.whl", hash = "sha256:41c5a21f4a04fa86436124d388f6ed60a9343a6f767fced1a8a71c3fbca038ff"},
    {file = "numpy-2.2.6-cp312-cp312-macosx_11_0_arm64.whl", hash = "sha256:de749064336d37e340f640b05f24e9e3dd678c57318c7289d222a8a2f543e90c"},
    {file = "numpy-2.2.6-cp312-cp312-macosx_14_0_arm64.whl", hash = "sha256:894b3a42502226a1cac872f840030665f33326fc3dac8e57c607905773cdcde3"},
    {file = "numpy-2.2.6-cp312-cp312-macosx_14_0_x86_64.whl", hash = "sha256:71594f7c51a18e728451bb50cc60a3ce4e6538822731b2933209a1f3614e9282"},
    {file = "numpy-2.2.6-cp312-cp312-manylinux_2_17_aarch64.manylinux2014_aarch64.whl", hash = "sha256:f2618db89be1b4e05f7a1a847a9c1c0abd63e63a1607d892dd54668dd92faf87"},
    {file = "numpy-2.2.6-cp312-cp312-manylinux_2_17_x86_64.manylinux2014_x86_64.whl", hash = "sha256:fd83c01228a688733f1ded5201c678f0c53ecc1006ffbc404db9f7a899ac6249"},
    {file = "numpy-2.2.6-cp312-cp312-musllinux_1_2_aarch64.whl", hash = "sha256:37c0ca431f82cd5fa716eca9506aefcabc247fb27ba69c5062a6d3ade8cf8f49"},
    {file = "numpy-2.2.6-cp312-cp312-musllinux_1_2_x86_64.whl", hash = "sha256:fe27749d33bb772c80dcd84ae7e8df2adc920ae8297400dabec45f0dedb3f6de"},
    {file = "numpy-2.2.6-cp312-cp312-win32.whl", hash = "sha256:4eeaae00d789f66c7a25ac5f34b71a7035bb474e679f410e5e1a94deb24cf2d4"},
    {file = "numpy-2.2.6-cp312-cp312-win_amd64.whl", hash = "sha256:c1f9540be57940698ed329904db803cf7a402f3fc200bfe599334c9bd84a40b2"},
    {file = "numpy-2.2.6-cp313-cp313-macosx_10_13_x86_64.whl", hash = "sha256:0811bb762109d9708cca4d0b13c4f67146e3c3b7cf8d34018c722adb2d957c84"},
    {file = "numpy-2.2.6-cp313-cp313-macosx_11_0_arm64.whl", hash = "sha256:287cc3162b6f01463ccd86be154f284d0893d2b3ed7292439ea97eafa8170e0b"},
    {file = "numpy-2.2.6-cp313-cp313-macosx_14_0_arm64.whl", hash = "sha256:f1372f041402e37e5e633e586f62aa53de2eac8d98cbfb822806ce4bbefcb74d"},
    {file = "numpy-2.2.6-cp313-cp313-macosx_14_0_x86_64.whl", hash = "sha256:55a4d33fa519660d69614a9fad433be87e5252f4b03850642f88993f7b2ca566"},
    {file = "numpy-2.2.6-cp313-cp313-manylinux_2_17_aarch64.manylinux2014_aarch64.whl", hash = "sha256:f92729c95468a2f4f15e9bb94c432a9229d0d50de67304399627a943201baa2f"},
    {file = "numpy-2.2.6-cp313-cp313-manylinux_2_17_x86_64.manylinux2014_x86_64.whl", hash = "sha256:1bc23a79bfabc5d056d106f9befb8d50c31ced2fbc70eedb8155aec74a45798f"},
    {file = "numpy-2.2.6-cp313-cp313-musllinux_1_2_aarch64.whl", hash = "sha256:e3143e4451880bed956e706a3220b4e5cf6172ef05fcc397f6f36a550b1dd868"},
    {file = "numpy-2.2.6-cp313-cp313-musllinux_1_2_x86_64.whl", hash = "sha256:b4f13750ce79751586ae2eb824ba7e1e8dba64784086c98cdbbcc6a42112ce0d"},
    {file = "numpy-2.2.6-cp313-cp313-win32.whl", hash = "sha256:5beb72339d9d4fa36522fc63802f469b13cdbe4fdab4a288f0c441b74272ebfd"},
    {file = "numpy-2.2.6-cp313-cp313-win_amd64.whl", hash = "sha256:b0544343a702fa80c95ad5d3d608ea3599dd54d4632df855e4c8d24eb6ecfa1c"},
    {file = "numpy-2.2.6-cp313-cp313t-macosx_10_13_x86_64.whl", hash = "sha256:0bca768cd85ae743b2affdc762d617eddf3bcf8724435498a1e80132d04879e6"},
    {file = "numpy-2.2.6-cp313-cp313t-macosx_11_0_arm64.whl", hash = "sha256:fc0c5673685c508a142ca65209b4e79ed6740a4ed6b2267dbba90f34b0b3cfda"},
    {file = "numpy-2.2.6-cp313-cp313t-macosx_14_0_arm64.whl", hash = "sha256:5bd4fc3ac8926b3819797a7c0e2631eb889b4118a9898c84f585a54d475b7e40"},
    {file = "numpy-2.2.6-cp313-cp313t-macosx_14_0_x86_64.whl", hash = "sha256:fee4236c876c4e8369388054d02d0e9bb84821feb1a64dd59e137e6511a551f8"},
    {file = "numpy-2.2.6-cp313-cp313t-manylinux_2_17_aarch64.manylinux2014_aarch64.whl", hash = "sha256:e1dda9c7e08dc141e0247a5b8f49cf05984955246a327d4c48bda16821947b2f"},
    {file = "numpy-2.2.6-cp313-cp313t-manylinux_2_17_x86_64.manylinux2014_x86_64.whl", hash = "sha256:f447e6acb680fd307f40d3da4852208af94afdfab89cf850986c3ca00562f4fa"},
    {file = "numpy-2.2.6-cp313-cp313t-musllinux_1_2_aarch64.whl", hash = "sha256:389d771b1623ec92636b0786bc4ae56abafad4a4c513d36a55dce14bd9ce8571"},
    {file = "numpy-2.2.6-cp313-cp313t-musllinux_1_2_x86_64.whl", hash = "sha256:8e9ace4a37db23421249ed236fdcdd457d671e25146786dfc96835cd951aa7c1"},
    {file = "numpy-2.2.6-cp313-cp313t-win32.whl", hash = "sha256:038613e9fb8c72b0a41f025a7e4c3f0b7a1b5d768ece4796b674c8f3fe13efff"},
    {file = "numpy-2.2.6-cp313-cp313t-win_amd64.whl", hash = "sha256:6031dd6dfecc0cf9f668681a37648373bddd6421fff6c66ec1624eed0180ee06"},
    {file = "numpy-2.2.6-pp310-pypy310_pp73-macosx_10_15_x86_64.whl", hash = "sha256:0b605b275d7bd0c640cad4e5d30fa701a8d59302e127e5f79138ad62762c3e3d"},
    {file = "numpy-2.2.6-pp310-pypy310_pp73-macosx_14_0_x86_64.whl", hash = "sha256:7befc596a7dc9da8a337f79802ee8adb30a552a94f792b9c9d18c840055907db"},
    {file = "numpy-2.2.6-pp310-pypy310_pp73-manylinux_2_17_x86_64.manylinux2014_x86_64.whl", hash = "sha256:ce47521a4754c8f4593837384bd3424880629f718d87c5d44f8ed763edd63543"},
    {file = "numpy-2.2.6-pp310-pypy310_pp73-win_amd64.whl", hash = "sha256:d042d24c90c41b54fd506da306759e06e568864df8ec17ccc17e9e884634fd00"},
    {file = "numpy-2.2.6.tar.gz", hash = "sha256:e29554e2bef54a90aa5cc07da6ce955accb83f21ab5de01a62c8478897b264fd"},
]

[[package]]
name = "packaging"
version = "25.0"
description = "Core utilities for Python packages"
optional = false
python-versions = ">=3.8"
groups = ["dev"]
files = [
    {file = "packaging-25.0-py3-none-any.whl", hash = "sha256:29572ef2b1f17581046b3a2227d5c611fb25ec70ca1ba8554b24b0e69331a484"},
    {file = "packaging-25.0.tar.gz", hash = "sha256:d443872c98d677bf60f6a1f2f8c1cb748e8fe762d2bf9d3148b5599295b0fc4f"},
]

[[package]]
name = "platformdirs"
version = "4.3.8"
description = "A small Python package for determining appropriate platform-specific dirs, e.g. a `user data dir`."
optional = false
python-versions = ">=3.9"
groups = ["dev"]
files = [
    {file = "platformdirs-4.3.8-py3-none-any.whl", hash = "sha256:ff7059bb7eb1179e2685604f4aaf157cfd9535242bd23742eadc3c13542139b4"},
    {file = "platformdirs-4.3.8.tar.gz", hash = "sha256:3d512d96e16bcb959a814c9f348431070822a6496326a4be0911c40b5a74c2bc"},
]

[package.extras]
docs = ["furo (>=2024.8.6)", "proselint (>=0.14)", "sphinx (>=8.1.3)", "sphinx-autodoc-typehints (>=3)"]
test = ["appdirs (==1.4.4)", "covdefaults (>=2.3)", "pytest (>=8.3.4)", "pytest-cov (>=6)", "pytest-mock (>=3.14)"]
type = ["mypy (>=1.14.1)"]

[[package]]
name = "pympler"
version = "1.1"
description = "A development tool to measure, monitor and analyze the memory behavior of Python objects."
optional = false
python-versions = ">=3.6"
groups = ["dev"]
markers = "platform_python_implementation != \"PyPy\""
files = [
    {file = "Pympler-1.1-py3-none-any.whl", hash = "sha256:5b223d6027d0619584116a0cbc28e8d2e378f7a79c1e5e024f9ff3b673c58506"},
    {file = "pympler-1.1.tar.gz", hash = "sha256:1eaa867cb8992c218430f1708fdaccda53df064144d1c5656b1e6f1ee6000424"},
]

[package.dependencies]
pywin32 = {version = ">=226", markers = "platform_system == \"Windows\""}

[[package]]
name = "pyproject-hooks"
version = "1.2.0"
description = "Wrappers to call pyproject.toml-based build backend hooks."
optional = false
python-versions = ">=3.7"
groups = ["dev"]
files = [
    {file = "pyproject_hooks-1.2.0-py3-none-any.whl", hash = "sha256:9e5c6bfa8dcc30091c74b0cf803c81fdd29d94f01992a7707bc97babb1141913"},
    {file = "pyproject_hooks-1.2.0.tar.gz", hash = "sha256:1e859bd5c40fae9448642dd871adf459e5e2084186e8d2c2a79a824c970da1f8"},
]

[[package]]
name = "pywin32"
version = "310"
description = "Python for Window Extensions"
optional = false
python-versions = "*"
groups = ["dev"]
markers = "platform_python_implementation != \"PyPy\" and platform_system == \"Windows\""
files = [
    {file = "pywin32-310-cp310-cp310-win32.whl", hash = "sha256:6dd97011efc8bf51d6793a82292419eba2c71cf8e7250cfac03bba284454abc1"},
    {file = "pywin32-310-cp310-cp310-win_amd64.whl", hash = "sha256:c3e78706e4229b915a0821941a84e7ef420bf2b77e08c9dae3c76fd03fd2ae3d"},
    {file = "pywin32-310-cp310-cp310-win_arm64.whl", hash = "sha256:33babed0cf0c92a6f94cc6cc13546ab24ee13e3e800e61ed87609ab91e4c8213"},
    {file = "pywin32-310-cp311-cp311-win32.whl", hash = "sha256:1e765f9564e83011a63321bb9d27ec456a0ed90d3732c4b2e312b855365ed8bd"},
    {file = "pywin32-310-cp311-cp311-win_amd64.whl", hash = "sha256:126298077a9d7c95c53823934f000599f66ec9296b09167810eb24875f32689c"},
    {file = "pywin32-310-cp311-cp311-win_arm64.whl", hash = "sha256:19ec5fc9b1d51c4350be7bb00760ffce46e6c95eaf2f0b2f1150657b1a43c582"},
    {file = "pywin32-310-cp312-cp312-win32.whl", hash = "sha256:8a75a5cc3893e83a108c05d82198880704c44bbaee4d06e442e471d3c9ea4f3d"},
    {file = "pywin32-310-cp312-cp312-win_amd64.whl", hash = "sha256:bf5c397c9a9a19a6f62f3fb821fbf36cac08f03770056711f765ec1503972060"},
    {file = "pywin32-310-cp312-cp312-win_arm64.whl", hash = "sha256:2349cc906eae872d0663d4d6290d13b90621eaf78964bb1578632ff20e152966"},
    {file = "pywin32-310-cp313-cp313-win32.whl", hash = "sha256:5d241a659c496ada3253cd01cfaa779b048e90ce4b2b38cd44168ad555ce74ab"},
    {file = "pywin32-310-cp313-cp313-win_amd64.whl", hash = "sha256:667827eb3a90208ddbdcc9e860c81bde63a135710e21e4cb3348968e4bd5249e"},
    {file = "pywin32-310-cp313-cp313-win_arm64.whl", hash = "sha256:e308f831de771482b7cf692a1f308f8fca701b2d8f9dde6cc440c7da17e47b33"},
    {file = "pywin32-310-cp38-cp38-win32.whl", hash = "sha256:0867beb8addefa2e3979d4084352e4ac6e991ca45373390775f7084cc0209b9c"},
    {file = "pywin32-310-cp38-cp38-win_amd64.whl", hash = "sha256:30f0a9b3138fb5e07eb4973b7077e1883f558e40c578c6925acc7a94c34eaa36"},
    {file = "pywin32-310-cp39-cp39-win32.whl", hash = "sha256:851c8d927af0d879221e616ae1f66145253537bbdd321a77e8ef701b443a9a1a"},
    {file = "pywin32-310-cp39-cp39-win_amd64.whl", hash = "sha256:96867217335559ac619f00ad70e513c0fcf84b8a3af9fc2bba3b59b97da70475"},
]

[[package]]
name = "pyyaml"
version = "6.0.2"
description = "YAML parser and emitter for Python"
optional = false
python-versions = ">=3.8"
groups = ["dev"]
markers = "platform_python_implementation != \"PyPy\""
files = [
    {file = "PyYAML-6.0.2-cp310-cp310-macosx_10_9_x86_64.whl", hash = "sha256:0a9a2848a5b7feac301353437eb7d5957887edbf81d56e903999a75a3d743086"},
    {file = "PyYAML-6.0.2-cp310-cp310-macosx_11_0_arm64.whl", hash = "sha256:29717114e51c84ddfba879543fb232a6ed60086602313ca38cce623c1d62cfbf"},
    {file = "PyYAML-6.0.2-cp310-cp310-manylinux_2_17_aarch64.manylinux2014_aarch64.whl", hash = "sha256:8824b5a04a04a047e72eea5cec3bc266db09e35de6bdfe34c9436ac5ee27d237"},
    {file = "PyYAML-6.0.2-cp310-cp310-manylinux_2_17_s390x.manylinux2014_s390x.whl", hash = "sha256:7c36280e6fb8385e520936c3cb3b8042851904eba0e58d277dca80a5cfed590b"},
    {file = "PyYAML-6.0.2-cp310-cp310-manylinux_2_17_x86_64.manylinux2014_x86_64.whl", hash = "sha256:ec031d5d2feb36d1d1a24380e4db6d43695f3748343d99434e6f5f9156aaa2ed"},
    {file = "PyYAML-6.0.2-cp310-cp310-musllinux_1_1_aarch64.whl", hash = "sha256:936d68689298c36b53b29f23c6dbb74de12b4ac12ca6cfe0e047bedceea56180"},
    {file = "PyYAML-6.0.2-cp310-cp310-musllinux_1_1_x86_64.whl", hash = "sha256:23502f431948090f597378482b4812b0caae32c22213aecf3b55325e049a6c68"},
    {file = "PyYAML-6.0.2-cp310-cp310-win32.whl", hash = "sha256:2e99c6826ffa974fe6e27cdb5ed0021786b03fc98e5ee3c5bfe1fd5015f42b99"},
    {file = "PyYAML-6.0.2-cp310-cp310-win_amd64.whl", hash = "sha256:a4d3091415f010369ae4ed1fc6b79def9416358877534caf6a0fdd2146c87a3e"},
    {file = "PyYAML-6.0.2-cp311-cp311-macosx_10_9_x86_64.whl", hash = "sha256:cc1c1159b3d456576af7a3e4d1ba7e6924cb39de8f67111c735f6fc832082774"},
    {file = "PyYAML-6.0.2-cp311-cp311-macosx_11_0_arm64.whl", hash = "sha256:1e2120ef853f59c7419231f3bf4e7021f1b936f6ebd222406c3b60212205d2ee"},
    {file = "PyYAML-6.0.2-cp311-cp311-manylinux_2_17_aarch64.manylinux2014_aarch64.whl", hash = "sha256:5d225db5a45f21e78dd9358e58a98702a0302f2659a3c6cd320564b75b86f47c"},
    {file = "PyYAML-6.0.2-cp311-cp311-manylinux_2_17_s390x.manylinux2014_s390x.whl", hash = "sha256:5ac9328ec4831237bec75defaf839f7d4564be1e6b25ac710bd1a96321cc8317"},
    {file = "PyYAML-6.0.2-cp311-cp311-manylinux_2_17_x86_64.manylinux2014_x86_64.whl", hash = "sha256:3ad2a3decf9aaba3d29c8f537ac4b243e36bef957511b4766cb0057d32b0be85"},
    {file = "PyYAML-6.0.2-cp311-cp311-musllinux_1_1_aarch64.whl", hash = "sha256:ff3824dc5261f50c9b0dfb3be22b4567a6f938ccce4587b38952d85fd9e9afe4"},
    {file = "PyYAML-6.0.2-cp311-cp311-musllinux_1_1_x86_64.whl", hash = "sha256:797b4f722ffa07cc8d62053e4cff1486fa6dc094105d13fea7b1de7d8bf71c9e"},
    {file = "PyYAML-6.0.2-cp311-cp311-win32.whl", hash = "sha256:11d8f3dd2b9c1207dcaf2ee0bbbfd5991f571186ec9cc78427ba5bd32afae4b5"},
    {file = "PyYAML-6.0.2-cp311-cp311-win_amd64.whl", hash = "sha256:e10ce637b18caea04431ce14fabcf5c64a1c61ec9c56b071a4b7ca131ca52d44"},
    {file = "PyYAML-6.0.2-cp312-cp312-macosx_10_9_x86_64.whl", hash = "sha256:c70c95198c015b85feafc136515252a261a84561b7b1d51e3384e0655ddf25ab"},
    {file = "PyYAML-6.0.2-cp312-cp312-macosx_11_0_arm64.whl", hash = "sha256:ce826d6ef20b1bc864f0a68340c8b3287705cae2f8b4b1d932177dcc76721725"},
    {file = "PyYAML-6.0.2-cp312-cp312-manylinux_2_17_aarch64.manylinux2014_aarch64.whl", hash = "sha256:1f71ea527786de97d1a0cc0eacd1defc0985dcf6b3f17bb77dcfc8c34bec4dc5"},
    {file = "PyYAML-6.0.2-cp312-cp312-manylinux_2_17_s390x.manylinux2014_s390x.whl", hash = "sha256:9b22676e8097e9e22e36d6b7bda33190d0d400f345f23d4065d48f4ca7ae0425"},
    {file = "PyYAML-6.0.2-cp312-cp312-manylinux_2_17_x86_64.manylinux2014_x86_64.whl", hash = "sha256:80bab7bfc629882493af4aa31a4cfa43a4c57c83813253626916b8c7ada83476"},
    {file = "PyYAML-6.0.2-cp312-cp312-musllinux_1_1_aarch64.whl", hash = "sha256:0833f8694549e586547b576dcfaba4a6b55b9e96098b36cdc7ebefe667dfed48"},
    {file = "PyYAML-6.0.2-cp312-cp312-musllinux_1_1_x86_64.whl", hash = "sha256:8b9c7197f7cb2738065c481a0461e50ad02f18c78cd75775628afb4d7137fb3b"},
    {file = "PyYAML-6.0.2-cp312-cp312-win32.whl", hash = "sha256:ef6107725bd54b262d6dedcc2af448a266975032bc85ef0172c5f059da6325b4"},
    {file = "PyYAML-6.0.2-cp312-cp312-win_amd64.whl", hash = "sha256:7e7401d0de89a9a855c839bc697c079a4af81cf878373abd7dc625847d25cbd8"},
    {file = "PyYAML-6.0.2-cp313-cp313-macosx_10_13_x86_64.whl", hash = "sha256:efdca5630322a10774e8e98e1af481aad470dd62c3170801852d752aa7a783ba"},
    {file = "PyYAML-6.0.2-cp313-cp313-macosx_11_0_arm64.whl", hash = "sha256:50187695423ffe49e2deacb8cd10510bc361faac997de9efef88badc3bb9e2d1"},
    {file = "PyYAML-6.0.2-cp313-cp313-manylinux_2_17_aarch64.manylinux2014_aarch64.whl", hash = "sha256:0ffe8360bab4910ef1b9e87fb812d8bc0a308b0d0eef8c8f44e0254ab3b07133"},
    {file = "PyYAML-6.0.2-cp313-cp313-manylinux_2_17_s390x.manylinux2014_s390x.whl", hash = "sha256:17e311b6c678207928d649faa7cb0d7b4c26a0ba73d41e99c4fff6b6c3276484"},
    {file = "PyYAML-6.0.2-cp313-cp313-manylinux_2_17_x86_64.manylinux2014_x86_64.whl", hash = "sha256:70b189594dbe54f75ab3a1acec5f1e3faa7e8cf2f1e08d9b561cb41b845f69d5"},
    {file = "PyYAML-6.0.2-cp313-cp313-musllinux_1_1_aarch64.whl", hash = "sha256:41e4e3953a79407c794916fa277a82531dd93aad34e29c2a514c2c0c5fe971cc"},
    {file = "PyYAML-6.0.2-cp313-cp313-musllinux_1_1_x86_64.whl", hash = "sha256:68ccc6023a3400877818152ad9a1033e3db8625d899c72eacb5a668902e4d652"},
    {file = "PyYAML-6.0.2-cp313-cp313-win32.whl", hash = "sha256:bc2fa7c6b47d6bc618dd7fb02ef6fdedb1090ec036abab80d4681424b84c1183"},
    {file = "PyYAML-6.0.2-cp313-cp313-win_amd64.whl", hash = "sha256:8388ee1976c416731879ac16da0aff3f63b286ffdd57cdeb95f3f2e085687563"},
    {file = "PyYAML-6.0.2-cp38-cp38-macosx_10_9_x86_64.whl", hash = "sha256:24471b829b3bf607e04e88d79542a9d48bb037c2267d7927a874e6c205ca7e9a"},
    {file = "PyYAML-6.0.2-cp38-cp38-manylinux_2_17_aarch64.manylinux2014_aarch64.whl", hash = "sha256:d7fded462629cfa4b685c5416b949ebad6cec74af5e2d42905d41e257e0869f5"},
    {file = "PyYAML-6.0.2-cp38-cp38-manylinux_2_17_s390x.manylinux2014_s390x.whl", hash = "sha256:d84a1718ee396f54f3a086ea0a66d8e552b2ab2017ef8b420e92edbc841c352d"},
    {file = "PyYAML-6.0.2-cp38-cp38-manylinux_2_17_x86_64.manylinux2014_x86_64.whl", hash = "sha256:9056c1ecd25795207ad294bcf39f2db3d845767be0ea6e6a34d856f006006083"},
    {file = "PyYAML-6.0.2-cp38-cp38-musllinux_1_1_x86_64.whl", hash = "sha256:82d09873e40955485746739bcb8b4586983670466c23382c19cffecbf1fd8706"},
    {file = "PyYAML-6.0.2-cp38-cp38-win32.whl", hash = "sha256:43fa96a3ca0d6b1812e01ced1044a003533c47f6ee8aca31724f78e93ccc089a"},
    {file = "PyYAML-6.0.2-cp38-cp38-win_amd64.whl", hash = "sha256:01179a4a8559ab5de078078f37e5c1a30d76bb88519906844fd7bdea1b7729ff"},
    {file = "PyYAML-6.0.2-cp39-cp39-macosx_10_9_x86_64.whl", hash = "sha256:688ba32a1cffef67fd2e9398a2efebaea461578b0923624778664cc1c914db5d"},
    {file = "PyYAML-6.0.2-cp39-cp39-macosx_11_0_arm64.whl", hash = "sha256:a8786accb172bd8afb8be14490a16625cbc387036876ab6ba70912730faf8e1f"},
    {file = "PyYAML-6.0.2-cp39-cp39-manylinux_2_17_aarch64.manylinux2014_aarch64.whl", hash = "sha256:d8e03406cac8513435335dbab54c0d385e4a49e4945d2909a581c83647ca0290"},
    {file = "PyYAML-6.0.2-cp39-cp39-manylinux_2_17_s390x.manylinux2014_s390x.whl", hash = "sha256:f753120cb8181e736c57ef7636e83f31b9c0d1722c516f7e86cf15b7aa57ff12"},
    {file = "PyYAML-6.0.2-cp39-cp39-manylinux_2_17_x86_64.manylinux2014_x86_64.whl", hash = "sha256:3b1fdb9dc17f5a7677423d508ab4f243a726dea51fa5e70992e59a7411c89d19"},
    {file = "PyYAML-6.0.2-cp39-cp39-musllinux_1_1_aarch64.whl", hash = "sha256:0b69e4ce7a131fe56b7e4d770c67429700908fc0752af059838b1cfb41960e4e"},
    {file = "PyYAML-6.0.2-cp39-cp39-musllinux_1_1_x86_64.whl", hash = "sha256:a9f8c2e67970f13b16084e04f134610fd1d374bf477b17ec1599185cf611d725"},
    {file = "PyYAML-6.0.2-cp39-cp39-win32.whl", hash = "sha256:6395c297d42274772abc367baaa79683958044e5d3835486c16da75d2a694631"},
    {file = "PyYAML-6.0.2-cp39-cp39-win_amd64.whl", hash = "sha256:39693e1f8320ae4f43943590b49779ffb98acb81f788220ea932a6b6c51004d8"},
    {file = "pyyaml-6.0.2.tar.gz", hash = "sha256:d584d9ec91ad65861cc08d42e834324ef890a082e591037abe114850ff7bbc3e"},
]

[[package]]
name = "tabulate"
version = "0.9.0"
description = "Pretty-print tabular data"
optional = false
python-versions = ">=3.7"
groups = ["dev"]
files = [
    {file = "tabulate-0.9.0-py3-none-any.whl", hash = "sha256:024ca478df22e9340661486f85298cff5f6dcdba14f3813e8830015b9ed1948f"},
    {file = "tabulate-0.9.0.tar.gz", hash = "sha256:0095b12bf5966de529c0feb1fa08671671b3368eec77d7ef7ab114be2c068b3c"},
]

[package.extras]
widechars = ["wcwidth"]

[[package]]
name = "tomli"
version = "2.2.1"
description = "A lil' TOML parser"
optional = false
python-versions = ">=3.8"
groups = ["dev"]
markers = "python_version == \"3.10\""
files = [
    {file = "tomli-2.2.1-cp311-cp311-macosx_10_9_x86_64.whl", hash = "sha256:678e4fa69e4575eb77d103de3df8a895e1591b48e740211bd1067378c69e8249"},
    {file = "tomli-2.2.1-cp311-cp311-macosx_11_0_arm64.whl", hash = "sha256:023aa114dd824ade0100497eb2318602af309e5a55595f76b626d6d9f3b7b0a6"},
    {file = "tomli-2.2.1-cp311-cp311-manylinux_2_17_aarch64.manylinux2014_aarch64.whl", hash = "sha256:ece47d672db52ac607a3d9599a9d48dcb2f2f735c6c2d1f34130085bb12b112a"},
    {file = "tomli-2.2.1-cp311-cp311-manylinux_2_17_x86_64.manylinux2014_x86_64.whl", hash = "sha256:6972ca9c9cc9f0acaa56a8ca1ff51e7af152a9f87fb64623e31d5c83700080ee"},
    {file = "tomli-2.2.1-cp311-cp311-manylinux_2_5_i686.manylinux1_i686.manylinux_2_17_i686.manylinux2014_i686.whl", hash = "sha256:c954d2250168d28797dd4e3ac5cf812a406cd5a92674ee4c8f123c889786aa8e"},
    {file = "tomli-2.2.1-cp311-cp311-musllinux_1_2_aarch64.whl", hash = "sha256:8dd28b3e155b80f4d54beb40a441d366adcfe740969820caf156c019fb5c7ec4"},
    {file = "tomli-2.2.1-cp311-cp311-musllinux_1_2_i686.whl", hash = "sha256:e59e304978767a54663af13c07b3d1af22ddee3bb2fb0618ca1593e4f593a106"},
    {file = "tomli-2.2.1-cp311-cp311-musllinux_1_2_x86_64.whl", hash = "sha256:33580bccab0338d00994d7f16f4c4ec25b776af3ffaac1ed74e0b3fc95e885a8"},
    {file = "tomli-2.2.1-cp311-cp311-win32.whl", hash = "sha256:465af0e0875402f1d226519c9904f37254b3045fc5084697cefb9bdde1ff99ff"},
    {file = "tomli-2.2.1-cp311-cp311-win_amd64.whl", hash = "sha256:2d0f2fdd22b02c6d81637a3c95f8cd77f995846af7414c5c4b8d0545afa1bc4b"},
    {file = "tomli-2.2.1-cp312-cp312-macosx_10_13_x86_64.whl", hash = "sha256:4a8f6e44de52d5e6c657c9fe83b562f5f4256d8ebbfe4ff922c495620a7f6cea"},
    {file = "tomli-2.2.1-cp312-cp312-macosx_11_0_arm64.whl", hash = "sha256:8d57ca8095a641b8237d5b079147646153d22552f1c637fd3ba7f4b0b29167a8"},
    {file = "tomli-2.2.1-cp312-cp312-manylinux_2_17_aarch64.manylinux2014_aarch64.whl", hash = "sha256:4e340144ad7ae1533cb897d406382b4b6fede8890a03738ff1683af800d54192"},
    {file = "tomli-2.2.1-cp312-cp312-manylinux_2_17_x86_64.manylinux2014_x86_64.whl", hash = "sha256:db2b95f9de79181805df90bedc5a5ab4c165e6ec3fe99f970d0e302f384ad222"},
    {file = "tomli-2.2.1-cp312-cp312-manylinux_2_5_i686.manylinux1_i686.manylinux_2_17_i686.manylinux2014_i686.whl", hash = "sha256:40741994320b232529c802f8bc86da4e1aa9f413db394617b9a256ae0f9a7f77"},
    {file = "tomli-2.2.1-cp312-cp312-musllinux_1_2_aarch64.whl", hash = "sha256:400e720fe168c0f8521520190686ef8ef033fb19fc493da09779e592861b78c6"},
    {file = "tomli-2.2.1-cp312-cp312-musllinux_1_2_i686.whl", hash = "sha256:02abe224de6ae62c19f090f68da4e27b10af2b93213d36cf44e6e1c5abd19fdd"},
    {file = "tomli-2.2.1-cp312-cp312-musllinux_1_2_x86_64.whl", hash = "sha256:b82ebccc8c8a36f2094e969560a1b836758481f3dc360ce9a3277c65f374285e"},
    {file = "tomli-2.2.1-cp312-cp312-win32.whl", hash = "sha256:889f80ef92701b9dbb224e49ec87c645ce5df3fa2cc548664eb8a25e03127a98"},
    {file = "tomli-2.2.1-cp312-cp312-win_amd64.whl", hash = "sha256:7fc04e92e1d624a4a63c76474610238576942d6b8950a2d7f908a340494e67e4"},
    {file = "tomli-2.2.1-cp313-cp313-macosx_10_13_x86_64.whl", hash = "sha256:f4039b9cbc3048b2416cc57ab3bda989a6fcf9b36cf8937f01a6e731b64f80d7"},
    {file = "tomli-2.2.1-cp313-cp313-macosx_11_0_arm64.whl", hash = "sha256:286f0ca2ffeeb5b9bd4fcc8d6c330534323ec51b2f52da063b11c502da16f30c"},
    {file = "tomli-2.2.1-cp313-cp313-manylinux_2_17_aarch64.manylinux2014_aarch64.whl", hash = "sha256:a92ef1a44547e894e2a17d24e7557a5e85a9e1d0048b0b5e7541f76c5032cb13"},
    {file = "tomli-2.2.1-cp313-cp313-manylinux_2_17_x86_64.manylinux2014_x86_64.whl", hash = "sha256:9316dc65bed1684c9a98ee68759ceaed29d229e985297003e494aa825ebb0281"},
    {file = "tomli-2.2.1-cp313-cp313-manylinux_2_5_i686.manylinux1_i686.manylinux_2_17_i686.manylinux2014_i686.whl", hash = "sha256:e85e99945e688e32d5a35c1ff38ed0b3f41f43fad8df0bdf79f72b2ba7bc5272"},
    {file = "tomli-2.2.1-cp313-cp313-musllinux_1_2_aarch64.whl", hash = "sha256:ac065718db92ca818f8d6141b5f66369833d4a80a9d74435a268c52bdfa73140"},
    {file = "tomli-2.2.1-cp313-cp313-musllinux_1_2_i686.whl", hash = "sha256:d920f33822747519673ee656a4b6ac33e382eca9d331c87770faa3eef562aeb2"},
    {file = "tomli-2.2.1-cp313-cp313-musllinux_1_2_x86_64.whl", hash = "sha256:a198f10c4d1b1375d7687bc25294306e551bf1abfa4eace6650070a5c1ae2744"},
    {file = "tomli-2.2.1-cp313-cp313-win32.whl", hash = "sha256:d3f5614314d758649ab2ab3a62d4f2004c825922f9e370b29416484086b264ec"},
    {file = "tomli-2.2.1-cp313-cp313-win_amd64.whl", hash = "sha256:a38aa0308e754b0e3c67e344754dff64999ff9b513e691d0e786265c93583c69"},
    {file = "tomli-2.2.1-py3-none-any.whl", hash = "sha256:cb55c73c5f4408779d0cf3eef9f762b9c9f147a77de7b258bef0a5628adc85cc"},
    {file = "tomli-2.2.1.tar.gz", hash = "sha256:cd45e1dc79c835ce60f7404ec8119f2eb06d38b1deba146f07ced3bbc44505ff"},
]

[[package]]
name = "tqdm"
version = "4.67.1"
description = "Fast, Extensible Progress Meter"
optional = false
python-versions = ">=3.7"
groups = ["dev"]
files = [
    {file = "tqdm-4.67.1-py3-none-any.whl", hash = "sha256:26445eca388f82e72884e0d580d5464cd801a3ea01e63e5601bdff9ba6a48de2"},
    {file = "tqdm-4.67.1.tar.gz", hash = "sha256:f8aef9c52c08c13a65f30ea34f4e5aac3fd1a34959879d7e59e63027286627f2"},
]

[package.dependencies]
colorama = {version = "*", markers = "platform_system == \"Windows\""}

[package.extras]
dev = ["nbval", "pytest (>=6)", "pytest-asyncio (>=0.24)", "pytest-cov", "pytest-timeout"]
discord = ["requests"]
notebook = ["ipywidgets (>=6)"]
slack = ["slack-sdk"]
telegram = ["requests"]

[[package]]
name = "virtualenv"
version = "20.31.2"
description = "Virtual Python Environment builder"
optional = false
python-versions = ">=3.8"
groups = ["dev"]
files = [
    {file = "virtualenv-20.31.2-py3-none-any.whl", hash = "sha256:36efd0d9650ee985f0cad72065001e66d49a6f24eb44d98980f630686243cf11"},
    {file = "virtualenv-20.31.2.tar.gz", hash = "sha256:e10c0a9d02835e592521be48b332b6caee6887f332c111aa79a09b9e79efc2af"},
]

[package.dependencies]
distlib = ">=0.3.7,<1"
filelock = ">=3.12.2,<4"
platformdirs = ">=3.9.1,<5"

[package.extras]
docs = ["furo (>=2023.7.26)", "proselint (>=0.13)", "sphinx (>=7.1.2,!=7.3)", "sphinx-argparse (>=0.4)", "sphinxcontrib-towncrier (>=0.2.1a0)", "towncrier (>=23.6)"]
test = ["covdefaults (>=2.3)", "coverage (>=7.2.7)", "coverage-enable-subprocess (>=1)", "flaky (>=3.7)", "packaging (>=23.1)", "pytest (>=7.4)", "pytest-env (>=0.8.2)", "pytest-freezer (>=0.4.8) ; platform_python_implementation == \"PyPy\" or platform_python_implementation == \"GraalVM\" or platform_python_implementation == \"CPython\" and sys_platform == \"win32\" and python_version >= \"3.13\"", "pytest-mock (>=3.11.1)", "pytest-randomly (>=3.12)", "pytest-timeout (>=2.1)", "setuptools (>=68)", "time-machine (>=2.10) ; platform_python_implementation == \"CPython\""]

[[package]]
name = "wheel"
version = "0.44.0"
description = "A built-package format for Python"
optional = false
python-versions = ">=3.8"
groups = ["dev"]
files = [
    {file = "wheel-0.44.0-py3-none-any.whl", hash = "sha256:2376a90c98cc337d18623527a97c31797bd02bad0033d41547043a1cbfbe448f"},
    {file = "wheel-0.44.0.tar.gz", hash = "sha256:a29c3f2817e95ab89aa4660681ad547c0e9547f20e75b0562fe7723c9a2a9d49"},
]

[package.extras]
test = ["pytest (>=6.0.0)", "setuptools (>=65)"]

[[package]]
name = "zipp"
version = "3.23.0"
description = "Backport of pathlib-compatible object wrapper for zip files"
optional = false
python-versions = ">=3.9"
groups = ["dev"]
files = [
    {file = "zipp-3.23.0-py3-none-any.whl", hash = "sha256:071652d6115ed432f5ce1d34c336c0adfd6a884660d1e9712a256d3d3bd4b14e"},
    {file = "zipp-3.23.0.tar.gz", hash = "sha256:a07157588a12518c9d4034df3fbbee09c814741a33ff63c05fa29d26a2404166"},
]

[package.extras]
check = ["pytest-checkdocs (>=2.4)", "pytest-ruff (>=0.2.1) ; sys_platform != \"cygwin\""]
cover = ["pytest-cov"]
doc = ["furo", "jaraco.packaging (>=9.3)", "jaraco.tidelift (>=1.4)", "rst.linker (>=1.9)", "sphinx (>=3.5)", "sphinx-lint"]
enabler = ["pytest-enabler (>=2.2)"]
test = ["big-O", "jaraco.functools", "jaraco.itertools", "jaraco.test", "more_itertools", "pytest (>=6,!=8.1.*)", "pytest-ignore-flaky"]
type = ["pytest-mypy"]

[metadata]
lock-version = "2.1"
python-versions = ">=3.10,<3.13"
content-hash = "5b1a7e8ff164ef034cd0be804203689a87d872236691907125f6f2c79ebfe3dc"
